Microsoft Visual Studio Solution File, Format Version 8.00
Project("{8BC9CEB8-8B4A-11D0-8D11-00A0C91BC942}") = "gctp", "gctp.vcproj", "{69FDE787-7165-3F20-BD87-94537610F135}"
	ProjectSection(ProjectDependencies) = postProject
	EndProjectSection
EndProject
Global
	GlobalSection(SolutionConfiguration) = preSolution
		Debug = Debug
		Release = Release
	EndGlobalSection
	GlobalSection(ProjectConfiguration) = postSolution
		{69FDE787-7165-3F20-BD87-94537610F135}.Debug.ActiveCfg = Debug|Win32
		{69FDE787-7165-3F20-BD87-94537610F135}.Debug.Build.0 = Debug|Win32
		{69FDE787-7165-3F20-BD87-94537610F135}.Release.ActiveCfg = Release|Win32
		{69FDE787-7165-3F20-BD87-94537610F135}.Release.Build.0 = Release|Win32
	EndGlobalSection
	GlobalSection(ExtensibilityGlobals) = postSolution
	EndGlobalSection
	GlobalSection(ExtensibilityAddIns) = postSolution
	EndGlobalSection
EndGlobal
